# This file is autogenerated, do not edit; changes may be undone by the next 'dep ensure'.


[[projects]]
  branch = "master"
  digest = "1:a51c931e411268667ab4e11bc80e4fa771e71a46a936851ffbd3a166b2b92d38"
  name = "github.com/wodog/pool"
  packages = ["."]
  pruneopts = "UT"
  revision = "6ba9ade20bd93593545ff3619c13a1de575fb7f0"

[solve-meta]
  analyzer-name = "dep"
  analyzer-version = 1
  input-imports = ["github.com/wodog/pool"]
  solver-name = "gps-cdcl"
  solver-version = 1
